
Microsoft Visual Studio Solution File, Format Version 12.00
# Visual Studio Version 17
VisualStudioVersion = 17.6.33815.320
MinimumVisualStudioVersion = 10.0.40219.1
Project("{FAE04EC0-301F-11D3-BF4B-00C04F79EFBC}") = "PracticeProblems", "PracticeProblems.csproj", "{57834544-42A9-439A-988C-2F0CE9F27554}"
EndProject
Global
	GlobalSection(SolutionConfigurationPlatforms) = preSolution
		Debug|Any CPU = Debug|Any CPU
		Release|Any CPU = Release|Any CPU
	EndGlobalSection
	GlobalSection(ProjectConfigurationPlatforms) = postSolution
		{57834544-42A9-439A-988C-2F0CE9F27554}.Debug|Any CPU.ActiveCfg = Debug|Any CPU
		{57834544-42A9-439A-988C-2F0CE9F27554}.Debug|Any CPU.Build.0 = Debug|Any CPU
		{57834544-42A9-439A-988C-2F0CE9F27554}.Release|Any CPU.ActiveCfg = Release|Any CPU
		{57834544-42A9-439A-988C-2F0CE9F27554}.Release|Any CPU.Build.0 = Release|Any CPU
	EndGlobalSection
	GlobalSection(SolutionProperties) = preSolution
		HideSolutionNode = FALSE
	EndGlobalSection
	GlobalSection(ExtensibilityGlobals) = postSolution
		SolutionGuid = {7441DC0F-18D3-4C7E-9C8C-51EC7D4F3591}
	EndGlobalSection
EndGlobal
